
Microsoft Visual Studio Solution File, Format Version 12.00
# Visual Studio 2013
VisualStudioVersion = 12.0.21005.1
MinimumVisualStudioVersion = 10.0.40219.1
Project("{B1E792BE-AA5F-4E3C-8C82-674BF9C0715B}") = "GetData", "GetData\GetData.tsproj", "{3301A664-164F-45E3-8328-6C1428ACCC1E}"
EndProject
Project("{FD9F1D59-E000-42F3-8744-88DE1BE93C06}") = "showData", "showData\showData.tcmproj", "{E7616055-C07C-4344-B233-FF550D8BF36F}"
EndProject
Global
	GlobalSection(SolutionConfigurationPlatforms) = preSolution
		Debug|TwinCAT CE7 (ARMV7) = Debug|TwinCAT CE7 (ARMV7)
		Debug|TwinCAT RT (x64) = Debug|TwinCAT RT (x64)
		Debug|TwinCAT RT (x86) = Debug|TwinCAT RT (x86)
		Release|TwinCAT CE7 (ARMV7) = Release|TwinCAT CE7 (ARMV7)
		Release|TwinCAT RT (x64) = Release|TwinCAT RT (x64)
		Release|TwinCAT RT (x86) = Release|TwinCAT RT (x86)
	EndGlobalSection
	GlobalSection(ProjectConfigurationPlatforms) = postSolution
		{3301A664-164F-45E3-8328-6C1428ACCC1E}.Debug|TwinCAT CE7 (ARMV7).ActiveCfg = Debug|TwinCAT CE7 (ARMV7)
		{3301A664-164F-45E3-8328-6C1428ACCC1E}.Debug|TwinCAT CE7 (ARMV7).Build.0 = Debug|TwinCAT CE7 (ARMV7)
		{3301A664-164F-45E3-8328-6C1428ACCC1E}.Debug|TwinCAT RT (x64).ActiveCfg = Debug|TwinCAT RT (x64)
		{3301A664-164F-45E3-8328-6C1428ACCC1E}.Debug|TwinCAT RT (x64).Build.0 = Debug|TwinCAT RT (x64)
		{3301A664-164F-45E3-8328-6C1428ACCC1E}.Debug|TwinCAT RT (x86).ActiveCfg = Debug|TwinCAT RT (x86)
		{3301A664-164F-45E3-8328-6C1428ACCC1E}.Debug|TwinCAT RT (x86).Build.0 = Debug|TwinCAT RT (x86)
		{3301A664-164F-45E3-8328-6C1428ACCC1E}.Release|TwinCAT CE7 (ARMV7).ActiveCfg = Release|TwinCAT CE7 (ARMV7)
		{3301A664-164F-45E3-8328-6C1428ACCC1E}.Release|TwinCAT CE7 (ARMV7).Build.0 = Release|TwinCAT CE7 (ARMV7)
		{3301A664-164F-45E3-8328-6C1428ACCC1E}.Release|TwinCAT RT (x64).ActiveCfg = Release|TwinCAT RT (x64)
		{3301A664-164F-45E3-8328-6C1428ACCC1E}.Release|TwinCAT RT (x64).Build.0 = Release|TwinCAT RT (x64)
		{3301A664-164F-45E3-8328-6C1428ACCC1E}.Release|TwinCAT RT (x86).ActiveCfg = Release|TwinCAT RT (x86)
		{3301A664-164F-45E3-8328-6C1428ACCC1E}.Release|TwinCAT RT (x86).Build.0 = Release|TwinCAT RT (x86)
		{E7616055-C07C-4344-B233-FF550D8BF36F}.Debug|TwinCAT CE7 (ARMV7).ActiveCfg = Debug|TwinCAT CE7 (ARMV7)
		{E7616055-C07C-4344-B233-FF550D8BF36F}.Debug|TwinCAT RT (x64).ActiveCfg = Debug|TwinCAT RT (x64)
		{E7616055-C07C-4344-B233-FF550D8BF36F}.Debug|TwinCAT RT (x86).ActiveCfg = Debug|TwinCAT RT (x86)
		{E7616055-C07C-4344-B233-FF550D8BF36F}.Release|TwinCAT CE7 (ARMV7).ActiveCfg = Release|TwinCAT CE7 (ARMV7)
		{E7616055-C07C-4344-B233-FF550D8BF36F}.Release|TwinCAT RT (x64).ActiveCfg = Release|TwinCAT RT (x64)
		{E7616055-C07C-4344-B233-FF550D8BF36F}.Release|TwinCAT RT (x86).ActiveCfg = Release|TwinCAT RT (x86)
		{F041EFA9-16A2-439A-B568-BE80A5FD27BF}.Debug|TwinCAT CE7 (ARMV7).ActiveCfg = Debug|TwinCAT CE7 (ARMV7)
		{F041EFA9-16A2-439A-B568-BE80A5FD27BF}.Debug|TwinCAT CE7 (ARMV7).Build.0 = Debug|TwinCAT CE7 (ARMV7)
		{F041EFA9-16A2-439A-B568-BE80A5FD27BF}.Debug|TwinCAT RT (x64).ActiveCfg = Debug|TwinCAT RT (x64)
		{F041EFA9-16A2-439A-B568-BE80A5FD27BF}.Debug|TwinCAT RT (x64).Build.0 = Debug|TwinCAT RT (x64)
		{F041EFA9-16A2-439A-B568-BE80A5FD27BF}.Debug|TwinCAT RT (x86).ActiveCfg = Debug|TwinCAT RT (x86)
		{F041EFA9-16A2-439A-B568-BE80A5FD27BF}.Debug|TwinCAT RT (x86).Build.0 = Debug|TwinCAT RT (x86)
		{F041EFA9-16A2-439A-B568-BE80A5FD27BF}.Release|TwinCAT CE7 (ARMV7).ActiveCfg = Release|TwinCAT CE7 (ARMV7)
		{F041EFA9-16A2-439A-B568-BE80A5FD27BF}.Release|TwinCAT CE7 (ARMV7).Build.0 = Release|TwinCAT CE7 (ARMV7)
		{F041EFA9-16A2-439A-B568-BE80A5FD27BF}.Release|TwinCAT RT (x64).ActiveCfg = Release|TwinCAT RT (x64)
		{F041EFA9-16A2-439A-B568-BE80A5FD27BF}.Release|TwinCAT RT (x64).Build.0 = Release|TwinCAT RT (x64)
		{F041EFA9-16A2-439A-B568-BE80A5FD27BF}.Release|TwinCAT RT (x86).ActiveCfg = Release|TwinCAT RT (x86)
		{F041EFA9-16A2-439A-B568-BE80A5FD27BF}.Release|TwinCAT RT (x86).Build.0 = Release|TwinCAT RT (x86)
	EndGlobalSection
	GlobalSection(SolutionProperties) = preSolution
		HideSolutionNode = FALSE
	EndGlobalSection
EndGlobal
